<?xml version="1.0" encoding="utf-8"?>
<Project ToolsVersion="4.0" xmlns="http://schemas.microsoft.com/developer/msbuild/2003">
  <ItemGroup>
    <Filter Include="Source Files">
      <UniqueIdentifier>{1a3b92e4-cd8c-4f46-9bf7-c0521b929ac5}</UniqueIdentifier>
      <Extensions>cpp;c;cxx;rc;def;r;odl;idl;hpj;bat</Extensions>
    </Filter>
    <Filter Include="Header Files">
      <UniqueIdentifier>{8ef7fe85-2e87-44d2-b3e5-926624aaaed1}</UniqueIdentifier>
      <Extensions>h;hpp;hxx;hm;inl</Extensions>
    </Filter>
    <Filter Include="Resource Files">
      <UniqueIdentifier>{13f29309-9b4e-4a58-bf17-5fe018ce4364}</UniqueIdentifier>
      <Extensions>ico;cur;bmp;dlg;rc2;rct;bin;rgs;gif;jpg;jpeg;jpe</Extensions>
    </Filter>
    <Filter Include="BST">
      <UniqueIdentifier>{8a4c99cf-9dfc-4e92-95eb-e7e2ce05ed69}</UniqueIdentifier>
    </Filter>
  </ItemGroup>
  <ItemGroup>
    <ClCompile Include="cunicode.cpp">
      <Filter>Source Files</Filter>
    </ClCompile>
    <ClCompile Include="CVTUTF.C">
      <Filter>Source Files</Filter>
    </ClCompile>
    <ClCompile Include="multiserver.cpp">
      <Filter>Source Files</Filter>
    </ClCompile>
    <ClCompile Include="sftpfunc.cpp">
      <Filter>Source Files</Filter>
    </ClCompile>
    <ClCompile Include="sftpplug.cpp">
      <Filter>Source Files</Filter>
    </ClCompile>
    <ClCompile Include="utils.cpp">
      <Filter>Source Files</Filter>
    </ClCompile>
    <ClCompile Include="ftpdir.cpp">
      <Filter>Source Files</Filter>
    </ClCompile>
    <ClCompile Include="bst\srw_lock.cpp">
      <Filter>BST</Filter>
    </ClCompile>
    <ClCompile Include="bst\logx.cpp">
      <Filter>BST</Filter>
    </ClCompile>
    <ClCompile Include="main.cpp">
      <Filter>Source Files</Filter>
    </ClCompile>
    <ClCompile Include="excatch.cpp">
      <Filter>Source Files</Filter>
    </ClCompile>
    <ClCompile Include="plugin.cpp">
      <Filter>Source Files</Filter>
    </ClCompile>
  </ItemGroup>
  <ItemGroup>
    <ClInclude Include="cunicode.h">
      <Filter>Header Files</Filter>
    </ClInclude>
    <ClInclude Include="CVTUTF.H">
      <Filter>Header Files</Filter>
    </ClInclude>
    <ClInclude Include="fsplugin.h">
      <Filter>Header Files</Filter>
    </ClInclude>
    <ClInclude Include="multiserver.h">
      <Filter>Header Files</Filter>
    </ClInclude>
    <ClInclude Include="sftpfunc.h">
      <Filter>Header Files</Filter>
    </ClInclude>
    <ClInclude Include="sshdynfunctions.h">
      <Filter>Header Files</Filter>
    </ClInclude>
    <ClInclude Include="utils.h">
      <Filter>Header Files</Filter>
    </ClInclude>
    <ClInclude Include="res\resource.h">
      <Filter>Header Files</Filter>
    </ClInclude>
    <ClInclude Include="ftpdir.h">
      <Filter>Header Files</Filter>
    </ClInclude>
    <ClInclude Include="sftpplug.h">
      <Filter>Header Files</Filter>
    </ClInclude>
    <ClInclude Include="global.h">
      <Filter>Header Files</Filter>
    </ClInclude>
    <ClInclude Include="bst\bst.hpp">
      <Filter>BST</Filter>
    </ClInclude>
    <ClInclude Include="bst\config.hpp">
      <Filter>BST</Filter>
    </ClInclude>
    <ClInclude Include="bst\core.hpp">
      <Filter>BST</Filter>
    </ClInclude>
    <ClInclude Include="bst\list.hpp">
      <Filter>BST</Filter>
    </ClInclude>
    <ClInclude Include="bst\memory.hpp">
      <Filter>BST</Filter>
    </ClInclude>
    <ClInclude Include="bst\mutex.hpp">
      <Filter>BST</Filter>
    </ClInclude>
    <ClInclude Include="bst\noncopyable.hpp">
      <Filter>BST</Filter>
    </ClInclude>
    <ClInclude Include="bst\nondynamic.hpp">
      <Filter>BST</Filter>
    </ClInclude>
    <ClInclude Include="bst\scoped_lock.hpp">
      <Filter>BST</Filter>
    </ClInclude>
    <ClInclude Include="bst\srw_lock.hpp">
      <Filter>BST</Filter>
    </ClInclude>
    <ClInclude Include="bst\string.hpp">
      <Filter>BST</Filter>
    </ClInclude>
    <ClInclude Include="bst\scope_guard.hpp">
      <Filter>BST</Filter>
    </ClInclude>
    <ClInclude Include="bst\log.hpp">
      <Filter>BST</Filter>
    </ClInclude>
    <ClInclude Include="bst\logx.hpp">
      <Filter>BST</Filter>
    </ClInclude>
    <ClInclude Include="excatch.h">
      <Filter>Header Files</Filter>
    </ClInclude>
    <ClInclude Include="fsplugin.hpp">
      <Filter>Header Files</Filter>
    </ClInclude>
    <ClInclude Include="plugin.h">
      <Filter>Header Files</Filter>
    </ClInclude>
  </ItemGroup>
  <ItemGroup>
    <Image Include="res\icon1.ico">
      <Filter>Resource Files</Filter>
    </Image>
    <Image Include="res\icon2.ico">
      <Filter>Resource Files</Filter>
    </Image>
    <Image Include="res\icon3.ico">
      <Filter>Resource Files</Filter>
    </Image>
    <Image Include="res\icon4.ico">
      <Filter>Resource Files</Filter>
    </Image>
    <Image Include="res\iconconnection.ico">
      <Filter>Resource Files</Filter>
    </Image>
  </ItemGroup>
  <ItemGroup>
    <ResourceCompile Include="res\sftpplug.rc">
      <Filter>Resource Files</Filter>
    </ResourceCompile>
  </ItemGroup>
</Project>