<?xml version="1.0" encoding="utf-8"?>
<Project ToolsVersion="4.0" xmlns="http://schemas.microsoft.com/developer/msbuild/2003">
  <ItemGroup>
    <Filter Include="Resource Files">
      <UniqueIdentifier>{13f29309-9b4e-4a58-bf17-5fe018ce4364}</UniqueIdentifier>
      <Extensions>ico;cur;bmp;dlg;rc2;rct;bin;rgs;gif;jpg;jpeg;jpe</Extensions>
    </Filter>
    <Filter Include="BST">
      <UniqueIdentifier>{8a4c99cf-9dfc-4e92-95eb-e7e2ce05ed69}</UniqueIdentifier>
    </Filter>
    <Filter Include="utils">
      <UniqueIdentifier>{33ab2ba4-54cd-49a3-a278-e4ca960aeafc}</UniqueIdentifier>
    </Filter>
    <Filter Include="common">
      <UniqueIdentifier>{87466d1b-5263-496a-bff0-f046b9683bd3}</UniqueIdentifier>
    </Filter>
    <Filter Include="SCP">
      <UniqueIdentifier>{06eb891f-3644-4ecd-b79f-5d6fb94e080f}</UniqueIdentifier>
    </Filter>
    <Filter Include="WFX">
      <UniqueIdentifier>{1a3b92e4-cd8c-4f46-9bf7-c0521b929ac5}</UniqueIdentifier>
      <Extensions>cpp;c;cxx;rc;def;r;odl;idl;hpj;bat</Extensions>
    </Filter>
  </ItemGroup>
  <ItemGroup>
    <ClCompile Include="multiserver.cpp">
      <Filter>WFX</Filter>
    </ClCompile>
    <ClCompile Include="sftpfunc.cpp">
      <Filter>WFX</Filter>
    </ClCompile>
    <ClCompile Include="sftpplug.cpp">
      <Filter>WFX</Filter>
    </ClCompile>
    <ClCompile Include="bst\srw_lock.cpp">
      <Filter>BST</Filter>
    </ClCompile>
    <ClCompile Include="bst\logx.cpp">
      <Filter>BST</Filter>
    </ClCompile>
    <ClCompile Include="main.cpp">
      <Filter>WFX</Filter>
    </ClCompile>
    <ClCompile Include="excatch.cpp">
      <Filter>WFX</Filter>
    </ClCompile>
    <ClCompile Include="plugin.cpp">
      <Filter>WFX</Filter>
    </ClCompile>
    <ClCompile Include="ftpdir.cpp">
      <Filter>SCP</Filter>
    </ClCompile>
    <ClCompile Include="CVTUTF.C">
      <Filter>utils</Filter>
    </ClCompile>
    <ClCompile Include="cunicode.cpp">
      <Filter>utils</Filter>
    </ClCompile>
    <ClCompile Include="utils.cpp">
      <Filter>utils</Filter>
    </ClCompile>
  </ItemGroup>
  <ItemGroup>
    <ClInclude Include="bst\bst.hpp">
      <Filter>BST</Filter>
    </ClInclude>
    <ClInclude Include="bst\config.hpp">
      <Filter>BST</Filter>
    </ClInclude>
    <ClInclude Include="bst\core.hpp">
      <Filter>BST</Filter>
    </ClInclude>
    <ClInclude Include="bst\list.hpp">
      <Filter>BST</Filter>
    </ClInclude>
    <ClInclude Include="bst\memory.hpp">
      <Filter>BST</Filter>
    </ClInclude>
    <ClInclude Include="bst\mutex.hpp">
      <Filter>BST</Filter>
    </ClInclude>
    <ClInclude Include="bst\noncopyable.hpp">
      <Filter>BST</Filter>
    </ClInclude>
    <ClInclude Include="bst\nondynamic.hpp">
      <Filter>BST</Filter>
    </ClInclude>
    <ClInclude Include="bst\scoped_lock.hpp">
      <Filter>BST</Filter>
    </ClInclude>
    <ClInclude Include="bst\srw_lock.hpp">
      <Filter>BST</Filter>
    </ClInclude>
    <ClInclude Include="bst\string.hpp">
      <Filter>BST</Filter>
    </ClInclude>
    <ClInclude Include="bst\scope_guard.hpp">
      <Filter>BST</Filter>
    </ClInclude>
    <ClInclude Include="bst\log.hpp">
      <Filter>BST</Filter>
    </ClInclude>
    <ClInclude Include="bst\logx.hpp">
      <Filter>BST</Filter>
    </ClInclude>
    <ClInclude Include="ftpdir.h">
      <Filter>SCP</Filter>
    </ClInclude>
    <ClInclude Include="CVTUTF.H">
      <Filter>utils</Filter>
    </ClInclude>
    <ClInclude Include="cunicode.h">
      <Filter>utils</Filter>
    </ClInclude>
    <ClInclude Include="utils.h">
      <Filter>utils</Filter>
    </ClInclude>
    <ClInclude Include="sshdynfunctions.h">
      <Filter>common</Filter>
    </ClInclude>
    <ClInclude Include="fsplugin.hpp">
      <Filter>common</Filter>
    </ClInclude>
    <ClInclude Include="fsplugin.h">
      <Filter>common</Filter>
    </ClInclude>
    <ClInclude Include="global.h">
      <Filter>common</Filter>
    </ClInclude>
    <ClInclude Include="excatch.h">
      <Filter>WFX</Filter>
    </ClInclude>
    <ClInclude Include="multiserver.h">
      <Filter>WFX</Filter>
    </ClInclude>
    <ClInclude Include="plugin.h">
      <Filter>WFX</Filter>
    </ClInclude>
    <ClInclude Include="sftpfunc.h">
      <Filter>WFX</Filter>
    </ClInclude>
    <ClInclude Include="sftpplug.h">
      <Filter>WFX</Filter>
    </ClInclude>
    <ClInclude Include="res\resource.h">
      <Filter>common</Filter>
    </ClInclude>
  </ItemGroup>
  <ItemGroup>
    <Image Include="res\icon1.ico">
      <Filter>Resource Files</Filter>
    </Image>
    <Image Include="res\icon2.ico">
      <Filter>Resource Files</Filter>
    </Image>
    <Image Include="res\icon3.ico">
      <Filter>Resource Files</Filter>
    </Image>
    <Image Include="res\icon4.ico">
      <Filter>Resource Files</Filter>
    </Image>
    <Image Include="res\iconconnection.ico">
      <Filter>Resource Files</Filter>
    </Image>
  </ItemGroup>
  <ItemGroup>
    <ResourceCompile Include="res\sftpplug.rc">
      <Filter>Resource Files</Filter>
    </ResourceCompile>
  </ItemGroup>
</Project>